
Microsoft Visual Studio Solution File, Format Version 12.00
# Visual Studio Version 17
VisualStudioVersion = 17.7.34031.279
MinimumVisualStudioVersion = 10.0.40219.1
Project("{9A19103F-16F7-4668-BE54-9A1E7A4F7556}") = "SaleProject.ConsloeApp", "SaleProject.ConsloeApp\SaleProject.ConsloeApp.csproj", "{F20770AA-F18F-4814-897E-E76643041B7C}"
EndProject
Project("{FAE04EC0-301F-11D3-BF4B-00C04F79EFBC}") = "ShareExample", "ShareExample\ShareExample.csproj", "{EB1FA241-1010-4694-8BCF-F10912A28B05}"
EndProject
Global
	GlobalSection(SolutionConfigurationPlatforms) = preSolution
		Debug|Any CPU = Debug|Any CPU
		Release|Any CPU = Release|Any CPU
	EndGlobalSection
	GlobalSection(ProjectConfigurationPlatforms) = postSolution
		{F20770AA-F18F-4814-897E-E76643041B7C}.Debug|Any CPU.ActiveCfg = Debug|Any CPU
		{F20770AA-F18F-4814-897E-E76643041B7C}.Debug|Any CPU.Build.0 = Debug|Any CPU
		{F20770AA-F18F-4814-897E-E76643041B7C}.Release|Any CPU.ActiveCfg = Release|Any CPU
		{F20770AA-F18F-4814-897E-E76643041B7C}.Release|Any CPU.Build.0 = Release|Any CPU
		{EB1FA241-1010-4694-8BCF-F10912A28B05}.Debug|Any CPU.ActiveCfg = Debug|Any CPU
		{EB1FA241-1010-4694-8BCF-F10912A28B05}.Debug|Any CPU.Build.0 = Debug|Any CPU
		{EB1FA241-1010-4694-8BCF-F10912A28B05}.Release|Any CPU.ActiveCfg = Release|Any CPU
		{EB1FA241-1010-4694-8BCF-F10912A28B05}.Release|Any CPU.Build.0 = Release|Any CPU
	EndGlobalSection
	GlobalSection(SolutionProperties) = preSolution
		HideSolutionNode = FALSE
	EndGlobalSection
	GlobalSection(ExtensibilityGlobals) = postSolution
		SolutionGuid = {9693CE01-0256-4315-B323-8E13F3B62073}
	EndGlobalSection
EndGlobal
